
Microsoft Visual Studio Solution File, Format Version 12.00
# Visual Studio 15
VisualStudioVersion = 15.0.28010.2019
MinimumVisualStudioVersion = 10.0.40219.1
Project("{FAE04EC0-301F-11D3-BF4B-00C04F79EFBC}") = "ClientTcpChat", "ClientTcpChat\ClientTcpChat.csproj", "{DADA26D5-A557-48AC-B7ED-7B7E9AE0794B}"
EndProject
Global
	GlobalSection(SolutionConfigurationPlatforms) = preSolution
		Debug|Any CPU = Debug|Any CPU
		Release|Any CPU = Release|Any CPU
	EndGlobalSection
	GlobalSection(ProjectConfigurationPlatforms) = postSolution
		{DADA26D5-A557-48AC-B7ED-7B7E9AE0794B}.Debug|Any CPU.ActiveCfg = Debug|Any CPU
		{DADA26D5-A557-48AC-B7ED-7B7E9AE0794B}.Debug|Any CPU.Build.0 = Debug|Any CPU
		{DADA26D5-A557-48AC-B7ED-7B7E9AE0794B}.Release|Any CPU.ActiveCfg = Release|Any CPU
		{DADA26D5-A557-48AC-B7ED-7B7E9AE0794B}.Release|Any CPU.Build.0 = Release|Any CPU
	EndGlobalSection
	GlobalSection(SolutionProperties) = preSolution
		HideSolutionNode = FALSE
	EndGlobalSection
	GlobalSection(ExtensibilityGlobals) = postSolution
		SolutionGuid = {AAA13BBA-9BBB-417B-ACE5-1AFB1BD7250D}
	EndGlobalSection
EndGlobal
